<Solution>
  <Project Path="Raikiri77.Magicgirlver21.Editor.Tests.csproj" />
  <Project Path="Assembly-CSharp.csproj" />
  <Project Path="Raikiri77.Magicgirlver21.Tests.csproj" />
  <Project Path="Raikiri77.Magicgirlver21.csproj" />
  <Project Path="Raikiri77.Magicgirlver21.Editor.csproj" />
</Solution>
